
Microsoft Visual Studio Solution File, Format Version 12.00
# Visual Studio Version 17
VisualStudioVersion = 17.7.34031.279
MinimumVisualStudioVersion = 10.0.40219.1
Project("{FAE04EC0-301F-11D3-BF4B-00C04F79EFBC}") = "Wallet", "Wallet\Wallet.csproj", "{640B1DF6-F3A0-4BCB-8280-1C794378467F}"
EndProject
Global
	GlobalSection(SolutionConfigurationPlatforms) = preSolution
		Debug|Any CPU = Debug|Any CPU
		Release|Any CPU = Release|Any CPU
	EndGlobalSection
	GlobalSection(ProjectConfigurationPlatforms) = postSolution
		{640B1DF6-F3A0-4BCB-8280-1C794378467F}.Debug|Any CPU.ActiveCfg = Debug|Any CPU
		{640B1DF6-F3A0-4BCB-8280-1C794378467F}.Debug|Any CPU.Build.0 = Debug|Any CPU
		{640B1DF6-F3A0-4BCB-8280-1C794378467F}.Release|Any CPU.ActiveCfg = Release|Any CPU
		{640B1DF6-F3A0-4BCB-8280-1C794378467F}.Release|Any CPU.Build.0 = Release|Any CPU
	EndGlobalSection
	GlobalSection(SolutionProperties) = preSolution
		HideSolutionNode = FALSE
	EndGlobalSection
	GlobalSection(ExtensibilityGlobals) = postSolution
		SolutionGuid = {2AB0B72A-8437-49E7-BA0F-35718C1303D2}
	EndGlobalSection
EndGlobal
